// !$*UTF8*$!
{
	archiveVersion = 1;
	classes = {
	};
	objectVersion = 55;
	objects = {

/* Begin PBXBuildFile section */
		CC80EEBD283998A90064B52B /* Results.swift in Sources */ = {isa = PBXBuildFile; fileRef = CC80EEBC283998A90064B52B /* Results.swift */; };
		FB677116283AA76E002880FD /* Shared.swift in Sources */ = {isa = PBXBuildFile; fileRef = FB677115283AA76E002880FD /* Shared.swift */; };
		FB677118283AA7A7002880FD /* MoreInfo.swift in Sources */ = {isa = PBXBuildFile; fileRef = FB677117283AA7A7002880FD /* MoreInfo.swift */; };
		FB67711A283AA937002880FD /* moreInfo+Selected.swift in Sources */ = {isa = PBXBuildFile; fileRef = FB677119283AA937002880FD /* moreInfo+Selected.swift */; };
		FB67711C283AACF5002880FD /* moreInfo+Selected+Details.swift in Sources */ = {isa = PBXBuildFile; fileRef = FB67711B283AACF5002880FD /* moreInfo+Selected+Details.swift */; };
		FBB15532283347FF003A67D2 /* Scam_DetectorApp.swift in Sources */ = {isa = PBXBuildFile; fileRef = FBB15531283347FF003A67D2 /* Scam_DetectorApp.swift */; };
		FBB15534283347FF003A67D2 /* ContentView.swift in Sources */ = {isa = PBXBuildFile; fileRef = FBB15533283347FF003A67D2 /* ContentView.swift */; };
		FBB1553628334800003A67D2 /* Assets.xcassets in Resources */ = {isa = PBXBuildFile; fileRef = FBB1553528334800003A67D2 /* Assets.xcassets */; };
		FBB1553928334800003A67D2 /* Preview Assets.xcassets in Resources */ = {isa = PBXBuildFile; fileRef = FBB1553828334800003A67D2 /* Preview Assets.xcassets */; };
		FBB155402833481F003A67D2 /* Splash.swift in Sources */ = {isa = PBXBuildFile; fileRef = FBB1553F2833481F003A67D2 /* Splash.swift */; };
		FBB1554528335160003A67D2 /* Home.swift in Sources */ = {isa = PBXBuildFile; fileRef = FBB1554428335160003A67D2 /* Home.swift */; };
/* End PBXBuildFile section */

/* Begin PBXFileReference section */
		CC80EEBC283998A90064B52B /* Results.swift */ = {isa = PBXFileReference; lastKnownFileType = sourcecode.swift; path = Results.swift; sourceTree = "<group>"; };
		FB677115283AA76E002880FD /* Shared.swift */ = {isa = PBXFileReference; lastKnownFileType = sourcecode.swift; path = Shared.swift; sourceTree = "<group>"; };
		FB677117283AA7A7002880FD /* MoreInfo.swift */ = {isa = PBXFileReference; lastKnownFileType = sourcecode.swift; path = MoreInfo.swift; sourceTree = "<group>"; };
		FB677119283AA937002880FD /* moreInfo+Selected.swift */ = {isa = PBXFileReference; lastKnownFileType = sourcecode.swift; path = "moreInfo+Selected.swift"; sourceTree = "<group>"; };
		FB67711B283AACF5002880FD /* moreInfo+Selected+Details.swift */ = {isa = PBXFileReference; lastKnownFileType = sourcecode.swift; path = "moreInfo+Selected+Details.swift"; sourceTree = "<group>"; };
		FBB1552E283347FF003A67D2 /* Scam-Detector.app */ = {isa = PBXFileReference; explicitFileType = wrapper.application; includeInIndex = 0; path = "Scam-Detector.app"; sourceTree = BUILT_PRODUCTS_DIR; };
		FBB15531283347FF003A67D2 /* Scam_DetectorApp.swift */ = {isa = PBXFileReference; lastKnownFileType = sourcecode.swift; path = Scam_DetectorApp.swift; sourceTree = "<group>"; };
		FBB15533283347FF003A67D2 /* ContentView.swift */ = {isa = PBXFileReference; lastKnownFileType = sourcecode.swift; path = ContentView.swift; sourceTree = "<group>"; };
		FBB1553528334800003A67D2 /* Assets.xcassets */ = {isa = PBXFileReference; lastKnownFileType = folder.assetcatalog; path = Assets.xcassets; sourceTree = "<group>"; };
		FBB1553828334800003A67D2 /* Preview Assets.xcassets */ = {isa = PBXFileReference; lastKnownFileType = folder.assetcatalog; path = "Preview Assets.xcassets"; sourceTree = "<group>"; };
		FBB1553F2833481F003A67D2 /* Splash.swift */ = {isa = PBXFileReference; lastKnownFileType = sourcecode.swift; path = Splash.swift; sourceTree = "<group>"; };
		FBB1554428335160003A67D2 /* Home.swift */ = {isa = PBXFileReference; lastKnownFileType = sourcecode.swift; path = Home.swift; sourceTree = "<group>"; };
/* End PBXFileReference section */

/* Begin PBXFrameworksBuildPhase section */
		FBB1552B283347FF003A67D2 /* Frameworks */ = {
			isa = PBXFrameworksBuildPhase;
			buildActionMask = 2147483647;
			files = (
			);
			runOnlyForDeploymentPostprocessing = 0;
		};
/* End PBXFrameworksBuildPhase section */

/* Begin PBXGroup section */
		CC80EEBE283998B80064B52B /* Models */ = {
			isa = PBXGroup;
			children = (
				CC80EEBC283998A90064B52B /* Results.swift */,
			);
			path = Models;
			sourceTree = "<group>";
		};
		CC80EEC028399A2F0064B52B /* Controllers */ = {
			isa = PBXGroup;
			children = (
			);
			path = Controllers;
			sourceTree = "<group>";
		};
		FB677114283AA75F002880FD /* Shared */ = {
			isa = PBXGroup;
			children = (
				FB677115283AA76E002880FD /* Shared.swift */,
			);
			path = Shared;
			sourceTree = "<group>";
		};
		FBB15525283347FF003A67D2 = {
			isa = PBXGroup;
			children = (
				FBB15530283347FF003A67D2 /* Scam-Detector */,
				FBB1552F283347FF003A67D2 /* Products */,
			);
			sourceTree = "<group>";
		};
		FBB1552F283347FF003A67D2 /* Products */ = {
			isa = PBXGroup;
			children = (
				FBB1552E283347FF003A67D2 /* Scam-Detector.app */,
			);
			name = Products;
			sourceTree = "<group>";
		};
		FBB15530283347FF003A67D2 /* Scam-Detector */ = {
			isa = PBXGroup;
			children = (
				FB677114283AA75F002880FD /* Shared */,
				CC80EEC028399A2F0064B52B /* Controllers */,
				CC80EEBE283998B80064B52B /* Models */,
				FBB15541283348F1003A67D2 /* Views */,
				FBB15531283347FF003A67D2 /* Scam_DetectorApp.swift */,
				FBB15533283347FF003A67D2 /* ContentView.swift */,
				FBB1553528334800003A67D2 /* Assets.xcassets */,
				FBB1553728334800003A67D2 /* Preview Content */,
			);
			path = "Scam-Detector";
			sourceTree = "<group>";
		};
		FBB1553728334800003A67D2 /* Preview Content */ = {
			isa = PBXGroup;
			children = (
				FBB1553828334800003A67D2 /* Preview Assets.xcassets */,
			);
			path = "Preview Content";
			sourceTree = "<group>";
		};
		FBB15541283348F1003A67D2 /* Views */ = {
			isa = PBXGroup;
			children = (
				FBB1553F2833481F003A67D2 /* Splash.swift */,
				FBB1554428335160003A67D2 /* Home.swift */,
				FB677117283AA7A7002880FD /* MoreInfo.swift */,
				FB677119283AA937002880FD /* moreInfo+Selected.swift */,
				FB67711B283AACF5002880FD /* moreInfo+Selected+Details.swift */,
			);
			path = Views;
			sourceTree = "<group>";
		};
/* End PBXGroup section */

/* Begin PBXNativeTarget section */
		FBB1552D283347FF003A67D2 /* Scam-Detector */ = {
			isa = PBXNativeTarget;
			buildConfigurationList = FBB1553C28334800003A67D2 /* Build configuration list for PBXNativeTarget "Scam-Detector" */;
			buildPhases = (
				FBB1552A283347FF003A67D2 /* Sources */,
				FBB1552B283347FF003A67D2 /* Frameworks */,
				FBB1552C283347FF003A67D2 /* Resources */,
			);
			buildRules = (
			);
			dependencies = (
			);
			name = "Scam-Detector";
			productName = "Scam-Detector";
			productReference = FBB1552E283347FF003A67D2 /* Scam-Detector.app */;
			productType = "com.apple.product-type.application";
		};
/* End PBXNativeTarget section */

/* Begin PBXProject section */
		FBB15526283347FF003A67D2 /* Project object */ = {
			isa = PBXProject;
			attributes = {
				BuildIndependentTargetsInParallel = 1;
				LastSwiftUpdateCheck = 1330;
				LastUpgradeCheck = 1330;
				TargetAttributes = {
					FBB1552D283347FF003A67D2 = {
						CreatedOnToolsVersion = 13.3.1;
					};
				};
			};
			buildConfigurationList = FBB15529283347FF003A67D2 /* Build configuration list for PBXProject "Scam-Detector" */;
			compatibilityVersion = "Xcode 13.0";
			developmentRegion = en;
			hasScannedForEncodings = 0;
			knownRegions = (
				en,
				Base,
			);
			mainGroup = FBB15525283347FF003A67D2;
			productRefGroup = FBB1552F283347FF003A67D2 /* Products */;
			projectDirPath = "";
			projectRoot = "";
			targets = (
				FBB1552D283347FF003A67D2 /* Scam-Detector */,
			);
		};
/* End PBXProject section */

/* Begin PBXResourcesBuildPhase section */
		FBB1552C283347FF003A67D2 /* Resources */ = {
			isa = PBXResourcesBuildPhase;
			buildActionMask = 2147483647;
			files = (
				FBB1553928334800003A67D2 /* Preview Assets.xcassets in Resources */,
				FBB1553628334800003A67D2 /* Assets.xcassets in Resources */,
			);
			runOnlyForDeploymentPostprocessing = 0;
		};
/* End PBXResourcesBuildPhase section */

/* Begin PBXSourcesBuildPhase section */
		FBB1552A283347FF003A67D2 /* Sources */ = {
			isa = PBXSourcesBuildPhase;
			buildActionMask = 2147483647;
			files = (
				FB677116283AA76E002880FD /* Shared.swift in Sources */,
				FB677118283AA7A7002880FD /* MoreInfo.swift in Sources */,
				FB67711C283AACF5002880FD /* moreInfo+Selected+Details.swift in Sources */,
				FBB15534283347FF003A67D2 /* ContentView.swift in Sources */,
				FBB155402833481F003A67D2 /* Splash.swift in Sources */,
				FBB1554528335160003A67D2 /* Home.swift in Sources */,
				FB67711A283AA937002880FD /* moreInfo+Selected.swift in Sources */,
				FBB15532283347FF003A67D2 /* Scam_DetectorApp.swift in Sources */,
				CC80EEBD283998A90064B52B /* Results.swift in Sources */,
			);
			runOnlyForDeploymentPostprocessing = 0;
		};
/* End PBXSourcesBuildPhase section */

/* Begin XCBuildConfiguration section */
		FBB1553A28334800003A67D2 /* Debug */ = {
			isa = XCBuildConfiguration;
			buildSettings = {
				ALWAYS_SEARCH_USER_PATHS = NO;
				CLANG_ANALYZER_NONNULL = YES;
				CLANG_ANALYZER_NUMBER_OBJECT_CONVERSION = YES_AGGRESSIVE;
				CLANG_CXX_LANGUAGE_STANDARD = "gnu++17";
				CLANG_ENABLE_MODULES = YES;
				CLANG_ENABLE_OBJC_ARC = YES;
				CLANG_ENABLE_OBJC_WEAK = YES;
				CLANG_WARN_BLOCK_CAPTURE_AUTORELEASING = YES;
				CLANG_WARN_BOOL_CONVERSION = YES;
				CLANG_WARN_COMMA = YES;
				CLANG_WARN_CONSTANT_CONVERSION = YES;
				CLANG_WARN_DEPRECATED_OBJC_IMPLEMENTATIONS = YES;
				CLANG_WARN_DIRECT_OBJC_ISA_USAGE = YES_ERROR;
				CLANG_WARN_DOCUMENTATION_COMMENTS = YES;
				CLANG_WARN_EMPTY_BODY = YES;
				CLANG_WARN_ENUM_CONVERSION = YES;
				CLANG_WARN_INFINITE_RECURSION = YES;
				CLANG_WARN_INT_CONVERSION = YES;
				CLANG_WARN_NON_LITERAL_NULL_CONVERSION = YES;
				CLANG_WARN_OBJC_IMPLICIT_RETAIN_SELF = YES;
				CLANG_WARN_OBJC_LITERAL_CONVERSION = YES;
				CLANG_WARN_OBJC_ROOT_CLASS = YES_ERROR;
				CLANG_WARN_QUOTED_INCLUDE_IN_FRAMEWORK_HEADER = YES;
				CLANG_WARN_RANGE_LOOP_ANALYSIS = YES;
				CLANG_WARN_STRICT_PROTOTYPES = YES;
				CLANG_WARN_SUSPICIOUS_MOVE = YES;
				CLANG_WARN_UNGUARDED_AVAILABILITY = YES_AGGRESSIVE;
				CLANG_WARN_UNREACHABLE_CODE = YES;
				CLANG_WARN__DUPLICATE_METHOD_MATCH = YES;
				COPY_PHASE_STRIP = NO;
				DEBUG_INFORMATION_FORMAT = dwarf;
				ENABLE_STRICT_OBJC_MSGSEND = YES;
				ENABLE_TESTABILITY = YES;
				GCC_C_LANGUAGE_STANDARD = gnu11;
				GCC_DYNAMIC_NO_PIC = NO;
				GCC_NO_COMMON_BLOCKS = YES;
				GCC_OPTIMIZATION_LEVEL = 0;
				GCC_PREPROCESSOR_DEFINITIONS = (
					"DEBUG=1",
					"$(inherited)",
				);
				GCC_WARN_64_TO_32_BIT_CONVERSION = YES;
				GCC_WARN_ABOUT_RETURN_TYPE = YES_ERROR;
				GCC_WARN_UNDECLARED_SELECTOR = YES;
				GCC_WARN_UNINITIALIZED_AUTOS = YES_AGGRESSIVE;
				GCC_WARN_UNUSED_FUNCTION = YES;
				GCC_WARN_UNUSED_VARIABLE = YES;
				IPHONEOS_DEPLOYMENT_TARGET = 15.4;
				MTL_ENABLE_DEBUG_INFO = INCLUDE_SOURCE;
				MTL_FAST_MATH = YES;
				ONLY_ACTIVE_ARCH = YES;
				SDKROOT = iphoneos;
				SWIFT_ACTIVE_COMPILATION_CONDITIONS = DEBUG;
				SWIFT_OPTIMIZATION_LEVEL = "-Onone";
			};
			name = Debug;
		};
		FBB1553B28334800003A67D2 /* Release */ = {
			isa = XCBuildConfiguration;
			buildSettings = {
				ALWAYS_SEARCH_USER_PATHS = NO;
				CLANG_ANALYZER_NONNULL = YES;
				CLANG_ANALYZER_NUMBER_OBJECT_CONVERSION = YES_AGGRESSIVE;
				CLANG_CXX_LANGUAGE_STANDARD = "gnu++17";
				CLANG_ENABLE_MODULES = YES;
				CLANG_ENABLE_OBJC_ARC = YES;
				CLANG_ENABLE_OBJC_WEAK = YES;
				CLANG_WARN_BLOCK_CAPTURE_AUTORELEASING = YES;
				CLANG_WARN_BOOL_CONVERSION = YES;
				CLANG_WARN_COMMA = YES;
				CLANG_WARN_CONSTANT_CONVERSION = YES;
				CLANG_WARN_DEPRECATED_OBJC_IMPLEMENTATIONS = YES;
				CLANG_WARN_DIRECT_OBJC_ISA_USAGE = YES_ERROR;
				CLANG_WARN_DOCUMENTATION_COMMENTS = YES;
				CLANG_WARN_EMPTY_BODY = YES;
				CLANG_WARN_ENUM_CONVERSION = YES;
				CLANG_WARN_INFINITE_RECURSION = YES;
				CLANG_WARN_INT_CONVERSION = YES;
				CLANG_WARN_NON_LITERAL_NULL_CONVERSION = YES;
				CLANG_WARN_OBJC_IMPLICIT_RETAIN_SELF = YES;
				CLANG_WARN_OBJC_LITERAL_CONVERSION = YES;
				CLANG_WARN_OBJC_ROOT_CLASS = YES_ERROR;
				CLANG_WARN_QUOTED_INCLUDE_IN_FRAMEWORK_HEADER = YES;
				CLANG_WARN_RANGE_LOOP_ANALYSIS = YES;
				CLANG_WARN_STRICT_PROTOTYPES = YES;
				CLANG_WARN_SUSPICIOUS_MOVE = YES;
				CLANG_WARN_UNGUARDED_AVAILABILITY = YES_AGGRESSIVE;
				CLANG_WARN_UNREACHABLE_CODE = YES;
				CLANG_WARN__DUPLICATE_METHOD_MATCH = YES;
				COPY_PHASE_STRIP = NO;
				DEBUG_INFORMATION_FORMAT = "dwarf-with-dsym";
				ENABLE_NS_ASSERTIONS = NO;
				ENABLE_STRICT_OBJC_MSGSEND = YES;
				GCC_C_LANGUAGE_STANDARD = gnu11;
				GCC_NO_COMMON_BLOCKS = YES;
				GCC_WARN_64_TO_32_BIT_CONVERSION = YES;
				GCC_WARN_ABOUT_RETURN_TYPE = YES_ERROR;
				GCC_WARN_UNDECLARED_SELECTOR = YES;
				GCC_WARN_UNINITIALIZED_AUTOS = YES_AGGRESSIVE;
				GCC_WARN_UNUSED_FUNCTION = YES;
				GCC_WARN_UNUSED_VARIABLE = YES;
				IPHONEOS_DEPLOYMENT_TARGET = 15.4;
				MTL_ENABLE_DEBUG_INFO = NO;
				MTL_FAST_MATH = YES;
				SDKROOT = iphoneos;
				SWIFT_COMPILATION_MODE = wholemodule;
				SWIFT_OPTIMIZATION_LEVEL = "-O";
				VALIDATE_PRODUCT = YES;
			};
			name = Release;
		};
		FBB1553D28334800003A67D2 /* Debug */ = {
			isa = XCBuildConfiguration;
			buildSettings = {
				ASSETCATALOG_COMPILER_APPICON_NAME = AppIcon;
				ASSETCATALOG_COMPILER_GLOBAL_ACCENT_COLOR_NAME = AccentColor;
				CODE_SIGN_STYLE = Automatic;
				CURRENT_PROJECT_VERSION = 1;
				DEVELOPMENT_ASSET_PATHS = "\"Scam-Detector/Preview Content\"";
				DEVELOPMENT_TEAM = 99634ZCZN7;
				ENABLE_PREVIEWS = YES;
				GENERATE_INFOPLIST_FILE = YES;
				INFOPLIST_KEY_UIApplicationSceneManifest_Generation = YES;
				INFOPLIST_KEY_UIApplicationSupportsIndirectInputEvents = YES;
				INFOPLIST_KEY_UILaunchScreen_Generation = YES;
				INFOPLIST_KEY_UISupportedInterfaceOrientations_iPad = "UIInterfaceOrientationPortrait UIInterfaceOrientationPortraitUpsideDown UIInterfaceOrientationLandscapeLeft UIInterfaceOrientationLandscapeRight";
				INFOPLIST_KEY_UISupportedInterfaceOrientations_iPhone = "UIInterfaceOrientationPortrait UIInterfaceOrientationLandscapeLeft UIInterfaceOrientationLandscapeRight";
				LD_RUNPATH_SEARCH_PATHS = (
					"$(inherited)",
					"@executable_path/Frameworks",
				);
				MARKETING_VERSION = 1.0;
				PRODUCT_BUNDLE_IDENTIFIER = "ca.vsidhu.Scam-Detector";
				PRODUCT_NAME = "$(TARGET_NAME)";
				SWIFT_EMIT_LOC_STRINGS = YES;
				SWIFT_VERSION = 5.0;
				TARGETED_DEVICE_FAMILY = "1,2";
			};
			name = Debug;
		};
		FBB1553E28334800003A67D2 /* Release */ = {
			isa = XCBuildConfiguration;
			buildSettings = {
				ASSETCATALOG_COMPILER_APPICON_NAME = AppIcon;
				ASSETCATALOG_COMPILER_GLOBAL_ACCENT_COLOR_NAME = AccentColor;
				CODE_SIGN_STYLE = Automatic;
				CURRENT_PROJECT_VERSION = 1;
				DEVELOPMENT_ASSET_PATHS = "\"Scam-Detector/Preview Content\"";
				DEVELOPMENT_TEAM = 99634ZCZN7;
				ENABLE_PREVIEWS = YES;
				GENERATE_INFOPLIST_FILE = YES;
				INFOPLIST_KEY_UIApplicationSceneManifest_Generation = YES;
				INFOPLIST_KEY_UIApplicationSupportsIndirectInputEvents = YES;
				INFOPLIST_KEY_UILaunchScreen_Generation = YES;
				INFOPLIST_KEY_UISupportedInterfaceOrientations_iPad = "UIInterfaceOrientationPortrait UIInterfaceOrientationPortraitUpsideDown UIInterfaceOrientationLandscapeLeft UIInterfaceOrientationLandscapeRight";
				INFOPLIST_KEY_UISupportedInterfaceOrientations_iPhone = "UIInterfaceOrientationPortrait UIInterfaceOrientationLandscapeLeft UIInterfaceOrientationLandscapeRight";
				LD_RUNPATH_SEARCH_PATHS = (
					"$(inherited)",
					"@executable_path/Frameworks",
				);
				MARKETING_VERSION = 1.0;
				PRODUCT_BUNDLE_IDENTIFIER = "ca.vsidhu.Scam-Detector";
				PRODUCT_NAME = "$(TARGET_NAME)";
				SWIFT_EMIT_LOC_STRINGS = YES;
				SWIFT_VERSION = 5.0;
				TARGETED_DEVICE_FAMILY = "1,2";
			};
			name = Release;
		};
/* End XCBuildConfiguration section */

/* Begin XCConfigurationList section */
		FBB15529283347FF003A67D2 /* Build configuration list for PBXProject "Scam-Detector" */ = {
			isa = XCConfigurationList;
			buildConfigurations = (
				FBB1553A28334800003A67D2 /* Debug */,
				FBB1553B28334800003A67D2 /* Release */,
			);
			defaultConfigurationIsVisible = 0;
			defaultConfigurationName = Release;
		};
		FBB1553C28334800003A67D2 /* Build configuration list for PBXNativeTarget "Scam-Detector" */ = {
			isa = XCConfigurationList;
			buildConfigurations = (
				FBB1553D28334800003A67D2 /* Debug */,
				FBB1553E28334800003A67D2 /* Release */,
			);
			defaultConfigurationIsVisible = 0;
			defaultConfigurationName = Release;
		};
/* End XCConfigurationList section */
	};
	rootObject = FBB15526283347FF003A67D2 /* Project object */;
}
